
Microsoft Visual Studio Solution File, Format Version 12.00
# Visual Studio Version 16
VisualStudioVersion = 16.0.29519.181
MinimumVisualStudioVersion = 10.0.40219.1
Project("{FAE04EC0-301F-11D3-BF4B-00C04F79EFBC}") = "SvgThumbnailProvider", "SvgThumbnailProvider\SvgThumbnailProvider.csproj", "{781E98E6-1D46-4C3A-A92C-48F56B408DEE}"
EndProject
Project("{930C7802-8A8C-48F9-8165-68863BCCD9DD}") = "MsiSetup", "MsiSetup\MsiSetup.wixproj", "{143C3E49-2E2E-405F-A6CC-C50EF6030323}"
EndProject
Global
	GlobalSection(SolutionConfigurationPlatforms) = preSolution
		Debug|x64 = Debug|x64
		Release|x64 = Release|x64
	EndGlobalSection
	GlobalSection(ProjectConfigurationPlatforms) = postSolution
		{781E98E6-1D46-4C3A-A92C-48F56B408DEE}.Debug|x64.ActiveCfg = Debug|x64
		{781E98E6-1D46-4C3A-A92C-48F56B408DEE}.Debug|x64.Build.0 = Debug|x64
		{781E98E6-1D46-4C3A-A92C-48F56B408DEE}.Release|x64.ActiveCfg = Release|x64
		{781E98E6-1D46-4C3A-A92C-48F56B408DEE}.Release|x64.Build.0 = Release|x64
		{143C3E49-2E2E-405F-A6CC-C50EF6030323}.Debug|x64.ActiveCfg = Debug|x64
		{143C3E49-2E2E-405F-A6CC-C50EF6030323}.Release|x64.ActiveCfg = Release|x64
		{143C3E49-2E2E-405F-A6CC-C50EF6030323}.Release|x64.Build.0 = Release|x64
	EndGlobalSection
	GlobalSection(SolutionProperties) = preSolution
		HideSolutionNode = FALSE
	EndGlobalSection
	GlobalSection(ExtensibilityGlobals) = postSolution
		SolutionGuid = {13C50C56-4B52-4F42-983C-D569EDFDA8EE}
	EndGlobalSection
EndGlobal
